{
  "lockfile_version": "1",
  "packages": {
    "bun@latest": {
      "last_modified": "2026-08-12T11:28:58Z",
      "resolved": "github:NixOS/nixpkgs/044bfe75bfe4c7bbe043dc17b5e42ea823b84a09#bun",
      "source": "devbox-search",
      "version": "1.3.13",
      "systems": {
        "aarch64-darwin": {
          "outputs": [
            {
              "name": "out",
              "path": "/nix/store/kr5pp7mlvn17sj4z3kc2bi7cnihns1bf-bun-1.3.13",
              "default": true
            }
          ],
          "store_path": "/nix/store/kr5pp7mlvn17sj4z3kc2bi7cnihns1bf-bun-1.3.13"
        },
        "aarch64-linux": {
          "outputs": [
            {
              "name": "out",
              "path": "/nix/store/k6b8s259p59ckiahvg9pcmz0yhy4kvlh-bun-1.3.13",
              "default": true
            }
          ],
          "store_path": "/nix/store/k6b8s259p59ckiahvg9pcmz0yhy4kvlh-bun-1.3.13"
        },
        "x86_64-darwin": {
          "outputs": [
            {
              "name": "out",
              "path": "/nix/store/wn9cggwqflvqryxxb9xinl9iygndm8d9-bun-1.3.13",
              "default": true
            }
          ],
          "store_path": "/nix/store/wn9cggwqflvqryxxb9xinl9iygndm8d9-bun-1.3.13"
        },
        "x86_64-linux": {
          "outputs": [
            {
              "name": "out",
              "path": "/nix/store/dynr642xrg1fib1y2ry70hybjmzvqz3y-bun-1.3.13",
              "default": true
            }
          ],
          "store_path": "/nix/store/dynr642xrg1fib1y2ry70hybjmzvqz3y-bun-1.3.13"
        }
      }
    },
    "git@latest": {
      "last_modified": "2026-08-12T11:28:58Z",
      "resolved": "github:NixOS/nixpkgs/044bfe75bfe4c7bbe043dc17b5e42ea823b84a09#git",
      "source": "devbox-search",
      "version": "2.55.0",
      "systems": {
        "aarch64-darwin": {
          "outputs": [
            {
              "name": "out",
              "path": "/nix/store/hiw6ii978dc8s153v60fzy6myzqxymm7-git-2.55.0",
              "default": true
            },
            {
              "name": "doc",
              "path": "/nix/store/181ykp1mvmh07rq1sqfss8n7s1sc3mlm-git-2.55.0-doc"
            }
          ],
          "store_path": "/nix/store/hiw6ii978dc8s153v60fzy6myzqxymm7-git-2.55.0"
        },
        "aarch64-linux": {
          "outputs": [
            {
              "name": "out",
              "path": "/nix/store/q3pvpkn0qmin7x572p3z32hxz9yny73i-git-2.55.0",
              "default": true
            },
            {
              "name": "debug",
              "path": "/nix/store/5rjalzcb929d9qrxp8v6xxz99vfhmxhn-git-2.55.0-debug"
            },
            {
              "name": "doc",
              "path": "/nix/store/jbfpbknl5qh0cm5zg48gxgb6fzhwvq04-git-2.55.0-doc"
            }
          ],
          "store_path": "/nix/store/q3pvpkn0qmin7x572p3z32hxz9yny73i-git-2.55.0"
        },
        "x86_64-linux": {
          "outputs": [
            {
              "name": "out",
              "path": "/nix/store/8wxs6573l730vxkqd6wp58kvxa19csll-git-2.55.0",
              "default": true
            },
            {
              "name": "debug",
              "path": "/nix/store/3zxdc75ib758dwba0afaj63d33w6z42w-git-2.55.0-debug"
            },
            {
              "name": "doc",
              "path": "/nix/store/h1dp7wlh1saz2d77ajpdpbms1fn56ih8-git-2.55.0-doc"
            }
          ],
          "store_path": "/nix/store/8wxs6573l730vxkqd6wp58kvxa19csll-git-2.55.0"
        }
      }
    },
    "github:NixOS/nixpkgs/nixpkgs-unstable": {
      "last_modified": "2026-08-19T20:44:59Z",
      "resolved": "github:NixOS/nixpkgs/07e1d92cdc0ed416cfa11ff3ca40d17e61cfba7a?lastModified=1787172299"
    },
    "gitmoji-cli@latest": {
      "last_modified": "2026-08-12T11:28:58Z",
      "resolved": "github:NixOS/nixpkgs/044bfe75bfe4c7bbe043dc17b5e42ea823b84a09#gitmoji-cli",
      "source": "devbox-search",
      "version": "9.7.0",
      "systems": {
        "aarch64-darwin": {
          "outputs": [
            {
              "name": "out",
              "path": "/nix/store/yhnpcwz1lliks1rdrd13bkc5v73945xx-gitmoji-cli-9.7.0",
              "default": true
            }
          ],
          "store_path": "/nix/store/yhnpcwz1lliks1rdrd13bkc5v73945xx-gitmoji-cli-9.7.0"
        },
        "aarch64-linux": {
          "outputs": [
            {
              "name": "out",
              "path": "/nix/store/25pfky9348m8cc9dvxjpygpmk6gnjcw0-gitmoji-cli-9.7.0",
              "default": true
            }
          ],
          "store_path": "/nix/store/25pfky9348m8cc9dvxjpygpmk6gnjcw0-gitmoji-cli-9.7.0"
        },
        "x86_64-darwin": {
          "outputs": [
            {
              "name": "out",
              "path": "/nix/store/859mdwq6p8jcrmzlrk4gwclykdjcvs0b-gitmoji-cli-9.7.0",
              "default": true
            }
          ],
          "store_path": "/nix/store/859mdwq6p8jcrmzlrk4gwclykdjcvs0b-gitmoji-cli-9.7.0"
        },
        "x86_64-linux": {
          "outputs": [
            {
              "name": "out",
              "path": "/nix/store/l34x5a0a3g8n1s577gyyayffr9rczgms-gitmoji-cli-9.7.0",
              "default": true
            }
          ],
          "store_path": "/nix/store/l34x5a0a3g8n1s577gyyayffr9rczgms-gitmoji-cli-9.7.0"
        }
      }
    },
    "imagemagick@latest": {
      "last_modified": "2026-08-12T11:28:58Z",
      "resolved": "github:NixOS/nixpkgs/044bfe75bfe4c7bbe043dc17b5e42ea823b84a09#imagemagick",
      "source": "devbox-search",
      "version": "7.1.2-29",
      "systems": {
        "aarch64-darwin": {
          "outputs": [
            {
              "name": "out",
              "path": "/nix/store/sckd47r9d4dspcayzwlb6gvyhm99qk3i-imagemagick-7.1.2-29",
              "default": true
            },
            {
              "name": "dev",
              "path": "/nix/store/651q14jbp995n4djhn63xis8vkphgy3v-imagemagick-7.1.2-29-dev"
            },
            {
              "name": "doc",
              "path": "/nix/store/qp0h81glwyij80dgbnm8igs01w606c7b-imagemagick-7.1.2-29-doc"
            }
          ],
          "store_path": "/nix/store/sckd47r9d4dspcayzwlb6gvyhm99qk3i-imagemagick-7.1.2-29"
        },
        "aarch64-linux": {
          "outputs": [
            {
              "name": "out",
              "path": "/nix/store/x5aip7hjdc9gb7p7vivpyk23azh7bfsa-imagemagick-7.1.2-29",
              "default": true
            },
            {
              "name": "dev",
              "path": "/nix/store/pk3q004znm9c2yhw6pwcfyhz14hrql22-imagemagick-7.1.2-29-dev"
            },
            {
              "name": "doc",
              "path": "/nix/store/inijhwvnippjx6ca1yfsi5h268g15swp-imagemagick-7.1.2-29-doc"
            }
          ],
          "store_path": "/nix/store/x5aip7hjdc9gb7p7vivpyk23azh7bfsa-imagemagick-7.1.2-29"
        },
        "x86_64-linux": {
          "outputs": [
            {
              "name": "out",
              "path": "/nix/store/8vqxf9rr4ahfvm27h3a3nqvym06d8ky4-imagemagick-7.1.2-29",
              "default": true
            },
            {
              "name": "dev",
              "path": "/nix/store/2kab8r1mak2q3qxxqp7jnwb3401yc9q2-imagemagick-7.1.2-29-dev"
            },
            {
              "name": "doc",
              "path": "/nix/store/q26qdlbdv2v9kkkasvdn58j6nbsbxf72-imagemagick-7.1.2-29-doc"
            }
          ],
          "store_path": "/nix/store/8vqxf9rr4ahfvm27h3a3nqvym06d8ky4-imagemagick-7.1.2-29"
        }
      }
    }
  }
}
